
Microsoft Visual Studio Solution File, Format Version 12.00
# Visual Studio 15
VisualStudioVersion = 15.0.28307.1062
MinimumVisualStudioVersion = 10.0.40219.1
Project("{FAE04EC0-301F-11D3-BF4B-00C04F79EFBC}") = "BSK_1_MD", "BSK_1_MD\BSK_1_MD.csproj", "{17AE67CC-3090-45AD-AEA9-231F9C212946}"
EndProject
Global
	GlobalSection(SolutionConfigurationPlatforms) = preSolution
		Debug|Any CPU = Debug|Any CPU
		Release|Any CPU = Release|Any CPU
	EndGlobalSection
	GlobalSection(ProjectConfigurationPlatforms) = postSolution
		{17AE67CC-3090-45AD-AEA9-231F9C212946}.Debug|Any CPU.ActiveCfg = Debug|Any CPU
		{17AE67CC-3090-45AD-AEA9-231F9C212946}.Debug|Any CPU.Build.0 = Debug|Any CPU
		{17AE67CC-3090-45AD-AEA9-231F9C212946}.Release|Any CPU.ActiveCfg = Release|Any CPU
		{17AE67CC-3090-45AD-AEA9-231F9C212946}.Release|Any CPU.Build.0 = Release|Any CPU
	EndGlobalSection
	GlobalSection(SolutionProperties) = preSolution
		HideSolutionNode = FALSE
	EndGlobalSection
	GlobalSection(ExtensibilityGlobals) = postSolution
		SolutionGuid = {AB38F0A1-EFDA-46B1-B0D0-A041473DBF40}
	EndGlobalSection
EndGlobal
